
Microsoft Visual Studio Solution File, Format Version 12.00
# Visual Studio Version 16
VisualStudioVersion = 16.0.31205.134
MinimumVisualStudioVersion = 10.0.40219.1
Project("{FAE04EC0-301F-11D3-BF4B-00C04F79EFBC}") = "RPGBattleSystem", "RPGBattleSystem.csproj", "{FC50BB12-43B9-44EE-977B-1377D43E954E}"
EndProject
Global
	GlobalSection(SolutionConfigurationPlatforms) = preSolution
		Debug|Any CPU = Debug|Any CPU
		Release|Any CPU = Release|Any CPU
	EndGlobalSection
	GlobalSection(ProjectConfigurationPlatforms) = postSolution
		{FC50BB12-43B9-44EE-977B-1377D43E954E}.Debug|Any CPU.ActiveCfg = Debug|Any CPU
		{FC50BB12-43B9-44EE-977B-1377D43E954E}.Debug|Any CPU.Build.0 = Debug|Any CPU
		{FC50BB12-43B9-44EE-977B-1377D43E954E}.Release|Any CPU.ActiveCfg = Release|Any CPU
		{FC50BB12-43B9-44EE-977B-1377D43E954E}.Release|Any CPU.Build.0 = Release|Any CPU
	EndGlobalSection
	GlobalSection(SolutionProperties) = preSolution
		HideSolutionNode = FALSE
	EndGlobalSection
	GlobalSection(ExtensibilityGlobals) = postSolution
		SolutionGuid = {3743EC89-4CE9-4489-9B38-1FDD77C54EC2}
	EndGlobalSection
EndGlobal
